// !$*UTF8*$!
{
	archiveVersion = 1;
	classes = {
	};
	objectVersion = 51;
	objects = {

/* Begin PBXBuildFile section */
		CF9DA307232A141B00B08B41 /* MyPeerConnectionDelegate.swift in Sources */ = {isa = PBXBuildFile; fileRef = CF9DA306232A141B00B08B41 /* MyPeerConnectionDelegate.swift */; };
		CF9DA309232A24DA00B08B41 /* MyDCPeerConnectionDelegate.swift in Sources */ = {isa = PBXBuildFile; fileRef = CF9DA308232A24DA00B08B41 /* MyDCPeerConnectionDelegate.swift */; };
		CF9DA30B232A2EE700B08B41 /* MyDataChDelegate.swift in Sources */ = {isa = PBXBuildFile; fileRef = CF9DA30A232A2EE700B08B41 /* MyDataChDelegate.swift */; };
		CF9DA30D232B4CF500B08B41 /* Media.swift in Sources */ = {isa = PBXBuildFile; fileRef = CF9DA30C232B4CF500B08B41 /* Media.swift */; };
		CFF6A2CA23223E5000605A1B /* AppDelegate.swift in Sources */ = {isa = PBXBuildFile; fileRef = CFF6A2C923223E5000605A1B /* AppDelegate.swift */; };
		CFF6A2CC23223E5000605A1B /* ViewController.swift in Sources */ = {isa = PBXBuildFile; fileRef = CFF6A2CB23223E5000605A1B /* ViewController.swift */; };
		CFF6A2CF23223E5000605A1B /* Main.storyboard in Resources */ = {isa = PBXBuildFile; fileRef = CFF6A2CD23223E5000605A1B /* Main.storyboard */; };
		CFF6A2D123223E5100605A1B /* Assets.xcassets in Resources */ = {isa = PBXBuildFile; fileRef = CFF6A2D023223E5100605A1B /* Assets.xcassets */; };
		CFF6A2D423223E5100605A1B /* LaunchScreen.storyboard in Resources */ = {isa = PBXBuildFile; fileRef = CFF6A2D223223E5100605A1B /* LaunchScreen.storyboard */; };
		DB25160ED245B5343132B9C0 /* Pods_ios_webrtc_test.framework in Frameworks */ = {isa = PBXBuildFile; fileRef = 85C8C0DA5B763AECDC897908 /* Pods_ios_webrtc_test.framework */; };
/* End PBXBuildFile section */

/* Begin PBXFileReference section */
		3BD0EE4B475FD5F03FE619AF /* Pods-ios-webrtc-test.debug.xcconfig */ = {isa = PBXFileReference; includeInIndex = 1; lastKnownFileType = text.xcconfig; name = "Pods-ios-webrtc-test.debug.xcconfig"; path = "Target Support Files/Pods-ios-webrtc-test/Pods-ios-webrtc-test.debug.xcconfig"; sourceTree = "<group>"; };
		699500A947627BDA131D5C90 /* Pods-ios-webrtc-test.release.xcconfig */ = {isa = PBXFileReference; includeInIndex = 1; lastKnownFileType = text.xcconfig; name = "Pods-ios-webrtc-test.release.xcconfig"; path = "Target Support Files/Pods-ios-webrtc-test/Pods-ios-webrtc-test.release.xcconfig"; sourceTree = "<group>"; };
		85C8C0DA5B763AECDC897908 /* Pods_ios_webrtc_test.framework */ = {isa = PBXFileReference; explicitFileType = wrapper.framework; includeInIndex = 0; path = Pods_ios_webrtc_test.framework; sourceTree = BUILT_PRODUCTS_DIR; };
		CF9DA306232A141B00B08B41 /* MyPeerConnectionDelegate.swift */ = {isa = PBXFileReference; lastKnownFileType = sourcecode.swift; path = MyPeerConnectionDelegate.swift; sourceTree = "<group>"; };
		CF9DA308232A24DA00B08B41 /* MyDCPeerConnectionDelegate.swift */ = {isa = PBXFileReference; lastKnownFileType = sourcecode.swift; path = MyDCPeerConnectionDelegate.swift; sourceTree = "<group>"; };
		CF9DA30A232A2EE700B08B41 /* MyDataChDelegate.swift */ = {isa = PBXFileReference; lastKnownFileType = sourcecode.swift; path = MyDataChDelegate.swift; sourceTree = "<group>"; };
		CF9DA30C232B4CF500B08B41 /* Media.swift */ = {isa = PBXFileReference; lastKnownFileType = sourcecode.swift; path = Media.swift; sourceTree = "<group>"; };
		CFF6A2C623223E5000605A1B /* ios-webrtc-test.app */ = {isa = PBXFileReference; explicitFileType = wrapper.application; includeInIndex = 0; path = "ios-webrtc-test.app"; sourceTree = BUILT_PRODUCTS_DIR; };
		CFF6A2C923223E5000605A1B /* AppDelegate.swift */ = {isa = PBXFileReference; lastKnownFileType = sourcecode.swift; path = AppDelegate.swift; sourceTree = "<group>"; };
		CFF6A2CB23223E5000605A1B /* ViewController.swift */ = {isa = PBXFileReference; lastKnownFileType = sourcecode.swift; path = ViewController.swift; sourceTree = "<group>"; };
		CFF6A2CE23223E5000605A1B /* Base */ = {isa = PBXFileReference; lastKnownFileType = file.storyboard; name = Base; path = Base.lproj/Main.storyboard; sourceTree = "<group>"; };
		CFF6A2D023223E5100605A1B /* Assets.xcassets */ = {isa = PBXFileReference; lastKnownFileType = folder.assetcatalog; path = Assets.xcassets; sourceTree = "<group>"; };
		CFF6A2D323223E5100605A1B /* Base */ = {isa = PBXFileReference; lastKnownFileType = file.storyboard; name = Base; path = Base.lproj/LaunchScreen.storyboard; sourceTree = "<group>"; };
		CFF6A2D523223E5100605A1B /* Info.plist */ = {isa = PBXFileReference; lastKnownFileType = text.plist.xml; path = Info.plist; sourceTree = "<group>"; };
/* End PBXFileReference section */

/* Begin PBXFrameworksBuildPhase section */
		CFF6A2C323223E4F00605A1B /* Frameworks */ = {
			isa = PBXFrameworksBuildPhase;
			buildActionMask = 2147483647;
			files = (
				DB25160ED245B5343132B9C0 /* Pods_ios_webrtc_test.framework in Frameworks */,
			);
			runOnlyForDeploymentPostprocessing = 0;
		};
/* End PBXFrameworksBuildPhase section */

/* Begin PBXGroup section */
		29911DA075A9AE220E6CA511 /* Pods */ = {
			isa = PBXGroup;
			children = (
				3BD0EE4B475FD5F03FE619AF /* Pods-ios-webrtc-test.debug.xcconfig */,
				699500A947627BDA131D5C90 /* Pods-ios-webrtc-test.release.xcconfig */,
			);
			path = Pods;
			sourceTree = "<group>";
		};
		B2270430485D2591BA6E5B9F /* Frameworks */ = {
			isa = PBXGroup;
			children = (
				85C8C0DA5B763AECDC897908 /* Pods_ios_webrtc_test.framework */,
			);
			name = Frameworks;
			sourceTree = "<group>";
		};
		CFF6A2BD23223E4F00605A1B = {
			isa = PBXGroup;
			children = (
				CFF6A2C823223E5000605A1B /* ios-webrtc-test */,
				CFF6A2C723223E5000605A1B /* Products */,
				29911DA075A9AE220E6CA511 /* Pods */,
				B2270430485D2591BA6E5B9F /* Frameworks */,
			);
			sourceTree = "<group>";
		};
		CFF6A2C723223E5000605A1B /* Products */ = {
			isa = PBXGroup;
			children = (
				CFF6A2C623223E5000605A1B /* ios-webrtc-test.app */,
			);
			name = Products;
			sourceTree = "<group>";
		};
		CFF6A2C823223E5000605A1B /* ios-webrtc-test */ = {
			isa = PBXGroup;
			children = (
				CFF6A2C923223E5000605A1B /* AppDelegate.swift */,
				CFF6A2CB23223E5000605A1B /* ViewController.swift */,
				CFF6A2CD23223E5000605A1B /* Main.storyboard */,
				CFF6A2D023223E5100605A1B /* Assets.xcassets */,
				CFF6A2D223223E5100605A1B /* LaunchScreen.storyboard */,
				CFF6A2D523223E5100605A1B /* Info.plist */,
				CF9DA306232A141B00B08B41 /* MyPeerConnectionDelegate.swift */,
				CF9DA308232A24DA00B08B41 /* MyDCPeerConnectionDelegate.swift */,
				CF9DA30A232A2EE700B08B41 /* MyDataChDelegate.swift */,
				CF9DA30C232B4CF500B08B41 /* Media.swift */,
			);
			path = "ios-webrtc-test";
			sourceTree = "<group>";
		};
/* End PBXGroup section */

/* Begin PBXNativeTarget section */
		CFF6A2C523223E4F00605A1B /* ios-webrtc-test */ = {
			isa = PBXNativeTarget;
			buildConfigurationList = CFF6A2D823223E5100605A1B /* Build configuration list for PBXNativeTarget "ios-webrtc-test" */;
			buildPhases = (
				EEC153FACAEB0CF8A71E6031 /* [CP] Check Pods Manifest.lock */,
				CFF6A2C223223E4F00605A1B /* Sources */,
				CFF6A2C323223E4F00605A1B /* Frameworks */,
				CFF6A2C423223E4F00605A1B /* Resources */,
				F0E8DC1CCE5AD157D1939AA9 /* [CP] Embed Pods Frameworks */,
			);
			buildRules = (
			);
			dependencies = (
			);
			name = "ios-webrtc-test";
			productName = "ios-webrtc-test";
			productReference = CFF6A2C623223E5000605A1B /* ios-webrtc-test.app */;
			productType = "com.apple.product-type.application";
		};
/* End PBXNativeTarget section */

/* Begin PBXProject section */
		CFF6A2BE23223E4F00605A1B /* Project object */ = {
			isa = PBXProject;
			attributes = {
				LastSwiftUpdateCheck = 1030;
				LastUpgradeCheck = 1030;
				TargetAttributes = {
					CFF6A2C523223E4F00605A1B = {
						CreatedOnToolsVersion = 10.3;
					};
				};
			};
			buildConfigurationList = CFF6A2C123223E4F00605A1B /* Build configuration list for PBXProject "ios-webrtc-test" */;
			compatibilityVersion = "Xcode 9.3";
			developmentRegion = en;
			hasScannedForEncodings = 0;
			knownRegions = (
				en,
				Base,
			);
			mainGroup = CFF6A2BD23223E4F00605A1B;
			productRefGroup = CFF6A2C723223E5000605A1B /* Products */;
			projectDirPath = "";
			projectRoot = "";
			targets = (
				CFF6A2C523223E4F00605A1B /* ios-webrtc-test */,
			);
		};
/* End PBXProject section */

/* Begin PBXResourcesBuildPhase section */
		CFF6A2C423223E4F00605A1B /* Resources */ = {
			isa = PBXResourcesBuildPhase;
			buildActionMask = 2147483647;
			files = (
				CFF6A2D423223E5100605A1B /* LaunchScreen.storyboard in Resources */,
				CFF6A2D123223E5100605A1B /* Assets.xcassets in Resources */,
				CFF6A2CF23223E5000605A1B /* Main.storyboard in Resources */,
			);
			runOnlyForDeploymentPostprocessing = 0;
		};
/* End PBXResourcesBuildPhase section */

/* Begin PBXShellScriptBuildPhase section */
		EEC153FACAEB0CF8A71E6031 /* [CP] Check Pods Manifest.lock */ = {
			isa = PBXShellScriptBuildPhase;
			buildActionMask = 2147483647;
			files = (
			);
			inputFileListPaths = (
			);
			inputPaths = (
				"${PODS_PODFILE_DIR_PATH}/Podfile.lock",
				"${PODS_ROOT}/Manifest.lock",
			);
			name = "[CP] Check Pods Manifest.lock";
			outputFileListPaths = (
			);
			outputPaths = (
				"$(DERIVED_FILE_DIR)/Pods-ios-webrtc-test-checkManifestLockResult.txt",
			);
			runOnlyForDeploymentPostprocessing = 0;
			shellPath = /bin/sh;
			shellScript = "diff \"${PODS_PODFILE_DIR_PATH}/Podfile.lock\" \"${PODS_ROOT}/Manifest.lock\" > /dev/null\nif [ $? != 0 ] ; then\n    # print error to STDERR\n    echo \"error: The sandbox is not in sync with the Podfile.lock. Run 'pod install' or update your CocoaPods installation.\" >&2\n    exit 1\nfi\n# This output is used by Xcode 'outputs' to avoid re-running this script phase.\necho \"SUCCESS\" > \"${SCRIPT_OUTPUT_FILE_0}\"\n";
			showEnvVarsInLog = 0;
		};
		F0E8DC1CCE5AD157D1939AA9 /* [CP] Embed Pods Frameworks */ = {
			isa = PBXShellScriptBuildPhase;
			buildActionMask = 2147483647;
			files = (
			);
			inputFileListPaths = (
				"${PODS_ROOT}/Target Support Files/Pods-ios-webrtc-test/Pods-ios-webrtc-test-frameworks-${CONFIGURATION}-input-files.xcfilelist",
			);
			name = "[CP] Embed Pods Frameworks";
			outputFileListPaths = (
				"${PODS_ROOT}/Target Support Files/Pods-ios-webrtc-test/Pods-ios-webrtc-test-frameworks-${CONFIGURATION}-output-files.xcfilelist",
			);
			runOnlyForDeploymentPostprocessing = 0;
			shellPath = /bin/sh;
			shellScript = "\"${PODS_ROOT}/Target Support Files/Pods-ios-webrtc-test/Pods-ios-webrtc-test-frameworks.sh\"\n";
			showEnvVarsInLog = 0;
		};
/* End PBXShellScriptBuildPhase section */

/* Begin PBXSourcesBuildPhase section */
		CFF6A2C223223E4F00605A1B /* Sources */ = {
			isa = PBXSourcesBuildPhase;
			buildActionMask = 2147483647;
			files = (
				CFF6A2CC23223E5000605A1B /* ViewController.swift in Sources */,
				CFF6A2CA23223E5000605A1B /* AppDelegate.swift in Sources */,
				CF9DA30D232B4CF500B08B41 /* Media.swift in Sources */,
				CF9DA309232A24DA00B08B41 /* MyDCPeerConnectionDelegate.swift in Sources */,
				CF9DA30B232A2EE700B08B41 /* MyDataChDelegate.swift in Sources */,
				CF9DA307232A141B00B08B41 /* MyPeerConnectionDelegate.swift in Sources */,
			);
			runOnlyForDeploymentPostprocessing = 0;
		};
/* End PBXSourcesBuildPhase section */

/* Begin PBXVariantGroup section */
		CFF6A2CD23223E5000605A1B /* Main.storyboard */ = {
			isa = PBXVariantGroup;
			children = (
				CFF6A2CE23223E5000605A1B /* Base */,
			);
			name = Main.storyboard;
			sourceTree = "<group>";
		};
		CFF6A2D223223E5100605A1B /* LaunchScreen.storyboard */ = {
			isa = PBXVariantGroup;
			children = (
				CFF6A2D323223E5100605A1B /* Base */,
			);
			name = LaunchScreen.storyboard;
			sourceTree = "<group>";
		};
/* End PBXVariantGroup section */

/* Begin XCBuildConfiguration section */
		CFF6A2D623223E5100605A1B /* Debug */ = {
			isa = XCBuildConfiguration;
			buildSettings = {
				ALWAYS_SEARCH_USER_PATHS = NO;
				CLANG_ANALYZER_NONNULL = YES;
				CLANG_ANALYZER_NUMBER_OBJECT_CONVERSION = YES_AGGRESSIVE;
				CLANG_CXX_LANGUAGE_STANDARD = "gnu++14";
				CLANG_CXX_LIBRARY = "libc++";
				CLANG_ENABLE_MODULES = YES;
				CLANG_ENABLE_OBJC_ARC = YES;
				CLANG_ENABLE_OBJC_WEAK = YES;
				CLANG_WARN_BLOCK_CAPTURE_AUTORELEASING = YES;
				CLANG_WARN_BOOL_CONVERSION = YES;
				CLANG_WARN_COMMA = YES;
				CLANG_WARN_CONSTANT_CONVERSION = YES;
				CLANG_WARN_DEPRECATED_OBJC_IMPLEMENTATIONS = YES;
				CLANG_WARN_DIRECT_OBJC_ISA_USAGE = YES_ERROR;
				CLANG_WARN_DOCUMENTATION_COMMENTS = YES;
				CLANG_WARN_EMPTY_BODY = YES;
				CLANG_WARN_ENUM_CONVERSION = YES;
				CLANG_WARN_INFINITE_RECURSION = YES;
				CLANG_WARN_INT_CONVERSION = YES;
				CLANG_WARN_NON_LITERAL_NULL_CONVERSION = YES;
				CLANG_WARN_OBJC_IMPLICIT_RETAIN_SELF = YES;
				CLANG_WARN_OBJC_LITERAL_CONVERSION = YES;
				CLANG_WARN_OBJC_ROOT_CLASS = YES_ERROR;
				CLANG_WARN_RANGE_LOOP_ANALYSIS = YES;
				CLANG_WARN_STRICT_PROTOTYPES = YES;
				CLANG_WARN_SUSPICIOUS_MOVE = YES;
				CLANG_WARN_UNGUARDED_AVAILABILITY = YES_AGGRESSIVE;
				CLANG_WARN_UNREACHABLE_CODE = YES;
				CLANG_WARN__DUPLICATE_METHOD_MATCH = YES;
				CODE_SIGN_IDENTITY = "iPhone Developer";
				COPY_PHASE_STRIP = NO;
				DEBUG_INFORMATION_FORMAT = dwarf;
				ENABLE_BITCODE = NO;
				ENABLE_STRICT_OBJC_MSGSEND = YES;
				ENABLE_TESTABILITY = YES;
				GCC_C_LANGUAGE_STANDARD = gnu11;
				GCC_DYNAMIC_NO_PIC = NO;
				GCC_NO_COMMON_BLOCKS = YES;
				GCC_OPTIMIZATION_LEVEL = 0;
				GCC_PREPROCESSOR_DEFINITIONS = (
					"DEBUG=1",
					"$(inherited)",
				);
				GCC_WARN_64_TO_32_BIT_CONVERSION = YES;
				GCC_WARN_ABOUT_RETURN_TYPE = YES_ERROR;
				GCC_WARN_UNDECLARED_SELECTOR = YES;
				GCC_WARN_UNINITIALIZED_AUTOS = YES_AGGRESSIVE;
				GCC_WARN_UNUSED_FUNCTION = YES;
				GCC_WARN_UNUSED_VARIABLE = YES;
				IPHONEOS_DEPLOYMENT_TARGET = 12.4;
				MTL_ENABLE_DEBUG_INFO = INCLUDE_SOURCE;
				MTL_FAST_MATH = YES;
				ONLY_ACTIVE_ARCH = YES;
				SDKROOT = iphoneos;
				SWIFT_ACTIVE_COMPILATION_CONDITIONS = DEBUG;
				SWIFT_OPTIMIZATION_LEVEL = "-Onone";
			};
			name = Debug;
		};
		CFF6A2D723223E5100605A1B /* Release */ = {
			isa = XCBuildConfiguration;
			buildSettings = {
				ALWAYS_SEARCH_USER_PATHS = NO;
				CLANG_ANALYZER_NONNULL = YES;
				CLANG_ANALYZER_NUMBER_OBJECT_CONVERSION = YES_AGGRESSIVE;
				CLANG_CXX_LANGUAGE_STANDARD = "gnu++14";
				CLANG_CXX_LIBRARY = "libc++";
				CLANG_ENABLE_MODULES = YES;
				CLANG_ENABLE_OBJC_ARC = YES;
				CLANG_ENABLE_OBJC_WEAK = YES;
				CLANG_WARN_BLOCK_CAPTURE_AUTORELEASING = YES;
				CLANG_WARN_BOOL_CONVERSION = YES;
				CLANG_WARN_COMMA = YES;
				CLANG_WARN_CONSTANT_CONVERSION = YES;
				CLANG_WARN_DEPRECATED_OBJC_IMPLEMENTATIONS = YES;
				CLANG_WARN_DIRECT_OBJC_ISA_USAGE = YES_ERROR;
				CLANG_WARN_DOCUMENTATION_COMMENTS = YES;
				CLANG_WARN_EMPTY_BODY = YES;
				CLANG_WARN_ENUM_CONVERSION = YES;
				CLANG_WARN_INFINITE_RECURSION = YES;
				CLANG_WARN_INT_CONVERSION = YES;
				CLANG_WARN_NON_LITERAL_NULL_CONVERSION = YES;
				CLANG_WARN_OBJC_IMPLICIT_RETAIN_SELF = YES;
				CLANG_WARN_OBJC_LITERAL_CONVERSION = YES;
				CLANG_WARN_OBJC_ROOT_CLASS = YES_ERROR;
				CLANG_WARN_RANGE_LOOP_ANALYSIS = YES;
				CLANG_WARN_STRICT_PROTOTYPES = YES;
				CLANG_WARN_SUSPICIOUS_MOVE = YES;
				CLANG_WARN_UNGUARDED_AVAILABILITY = YES_AGGRESSIVE;
				CLANG_WARN_UNREACHABLE_CODE = YES;
				CLANG_WARN__DUPLICATE_METHOD_MATCH = YES;
				CODE_SIGN_IDENTITY = "iPhone Developer";
				COPY_PHASE_STRIP = NO;
				DEBUG_INFORMATION_FORMAT = "dwarf-with-dsym";
				ENABLE_BITCODE = NO;
				ENABLE_NS_ASSERTIONS = NO;
				ENABLE_STRICT_OBJC_MSGSEND = YES;
				GCC_C_LANGUAGE_STANDARD = gnu11;
				GCC_NO_COMMON_BLOCKS = YES;
				GCC_WARN_64_TO_32_BIT_CONVERSION = YES;
				GCC_WARN_ABOUT_RETURN_TYPE = YES_ERROR;
				GCC_WARN_UNDECLARED_SELECTOR = YES;
				GCC_WARN_UNINITIALIZED_AUTOS = YES_AGGRESSIVE;
				GCC_WARN_UNUSED_FUNCTION = YES;
				GCC_WARN_UNUSED_VARIABLE = YES;
				IPHONEOS_DEPLOYMENT_TARGET = 12.4;
				MTL_ENABLE_DEBUG_INFO = NO;
				MTL_FAST_MATH = YES;
				SDKROOT = iphoneos;
				SWIFT_COMPILATION_MODE = wholemodule;
				SWIFT_OPTIMIZATION_LEVEL = "-O";
				VALIDATE_PRODUCT = YES;
			};
			name = Release;
		};
		CFF6A2D923223E5100605A1B /* Debug */ = {
			isa = XCBuildConfiguration;
			baseConfigurationReference = 3BD0EE4B475FD5F03FE619AF /* Pods-ios-webrtc-test.debug.xcconfig */;
			buildSettings = {
				ASSETCATALOG_COMPILER_APPICON_NAME = AppIcon;
				CODE_SIGN_STYLE = Automatic;
				DEVELOPMENT_TEAM = VFKK44HH52;
				INFOPLIST_FILE = "ios-webrtc-test/Info.plist";
				LD_RUNPATH_SEARCH_PATHS = (
					"$(inherited)",
					"@executable_path/Frameworks",
				);
				PRODUCT_BUNDLE_IDENTIFIER = "jp.yama.ios-webrtc-test";
				PRODUCT_NAME = "$(TARGET_NAME)";
				SWIFT_VERSION = 5.0;
				TARGETED_DEVICE_FAMILY = "1,2";
			};
			name = Debug;
		};
		CFF6A2DA23223E5100605A1B /* Release */ = {
			isa = XCBuildConfiguration;
			baseConfigurationReference = 699500A947627BDA131D5C90 /* Pods-ios-webrtc-test.release.xcconfig */;
			buildSettings = {
				ASSETCATALOG_COMPILER_APPICON_NAME = AppIcon;
				CODE_SIGN_STYLE = Automatic;
				DEVELOPMENT_TEAM = VFKK44HH52;
				INFOPLIST_FILE = "ios-webrtc-test/Info.plist";
				LD_RUNPATH_SEARCH_PATHS = (
					"$(inherited)",
					"@executable_path/Frameworks",
				);
				PRODUCT_BUNDLE_IDENTIFIER = "jp.yama.ios-webrtc-test";
				PRODUCT_NAME = "$(TARGET_NAME)";
				SWIFT_VERSION = 5.0;
				TARGETED_DEVICE_FAMILY = "1,2";
			};
			name = Release;
		};
/* End XCBuildConfiguration section */

/* Begin XCConfigurationList section */
		CFF6A2C123223E4F00605A1B /* Build configuration list for PBXProject "ios-webrtc-test" */ = {
			isa = XCConfigurationList;
			buildConfigurations = (
				CFF6A2D623223E5100605A1B /* Debug */,
				CFF6A2D723223E5100605A1B /* Release */,
			);
			defaultConfigurationIsVisible = 0;
			defaultConfigurationName = Release;
		};
		CFF6A2D823223E5100605A1B /* Build configuration list for PBXNativeTarget "ios-webrtc-test" */ = {
			isa = XCConfigurationList;
			buildConfigurations = (
				CFF6A2D923223E5100605A1B /* Debug */,
				CFF6A2DA23223E5100605A1B /* Release */,
			);
			defaultConfigurationIsVisible = 0;
			defaultConfigurationName = Release;
		};
/* End XCConfigurationList section */
	};
	rootObject = CFF6A2BE23223E4F00605A1B /* Project object */;
}
